
Microsoft Visual Studio Solution File, Format Version 12.00
# Visual Studio 14
VisualStudioVersion = 14.0.25420.1
MinimumVisualStudioVersion = 10.0.40219.1
Project("{2150E333-8FDC-42A3-9474-1A3956D46DE8}") = "0-Modeling", "0-Modeling", "{613A1B7D-7105-4320-845D-37990E06763D}"
EndProject
Project("{2150E333-8FDC-42A3-9474-1A3956D46DE8}") = "1-Layers", "1-Layers", "{32E5C641-64C1-4C51-A30E-23908A0F410B}"
EndProject
Project("{2150E333-8FDC-42A3-9474-1A3956D46DE8}") = "1.1-Presentation", "1.1-Presentation", "{E6F69FBE-22E8-4535-BDF8-9F935A955EEA}"
EndProject
Project("{2150E333-8FDC-42A3-9474-1A3956D46DE8}") = "1.3-Application", "1.3-Application", "{8EEE3927-BA82-40C5-A789-E123EBDBA8A6}"
EndProject
Project("{2150E333-8FDC-42A3-9474-1A3956D46DE8}") = "1.4-Domain", "1.4-Domain", "{D4F7E7DD-2575-4823-B4BD-50455A43F540}"
EndProject
Project("{2150E333-8FDC-42A3-9474-1A3956D46DE8}") = "1.5-Infrastructure", "1.5-Infrastructure", "{539B0113-6F1F-43AA-8517-F846A9573650}"
EndProject
Project("{2150E333-8FDC-42A3-9474-1A3956D46DE8}") = "1.6-Common utilities", "1.6-Common utilities", "{E70176A5-7691-40E3-B7AE-807ED621C58E}"
EndProject
Project("{2150E333-8FDC-42A3-9474-1A3956D46DE8}") = "1.5.2-CrossCutting", "1.5.2-CrossCutting", "{EC9D5BCA-A4F8-46AB-AC0A-42FCBDA099B4}"
EndProject
Project("{2150E333-8FDC-42A3-9474-1A3956D46DE8}") = "1.5.2.1-Seedwork", "1.5.2.1-Seedwork", "{29B9A7B3-5C91-4475-B4B3-D6C5774C6BC1}"
EndProject
Project("{2150E333-8FDC-42A3-9474-1A3956D46DE8}") = "1.5.2.3-MainBoundedContext", "1.5.2.3-MainBoundedContext", "{C4DBD29F-23EF-4E49-AB48-CF0D4E4E7E75}"
EndProject
Project("{2150E333-8FDC-42A3-9474-1A3956D46DE8}") = "1.5.2-Data", "1.5.2-Data", "{9A5146DF-0FD0-493C-9246-7E62DED9F391}"
EndProject
Project("{2150E333-8FDC-42A3-9474-1A3956D46DE8}") = "1.5.2.1-Seedwork", "1.5.2.1-Seedwork", "{1A8C8E18-CCCE-4002-91EA-3701E00C6949}"
EndProject
Project("{2150E333-8FDC-42A3-9474-1A3956D46DE8}") = "1.5.2.2-MainBoundedContext", "1.5.2.2-MainBoundedContext", "{4001EAC6-01E0-4DEB-9267-204F7DAD3161}"
EndProject
Project("{FAE04EC0-301F-11D3-BF4B-00C04F79EFBC}") = "Infrastructure.Data.MainBoundedContext", "Infrastructure.Data.MainBoundedContext\Infrastructure.Data.MainBoundedContext.csproj", "{7DF132DD-771D-496C-8267-1EE311B3880F}"
EndProject
Project("{FAE04EC0-301F-11D3-BF4B-00C04F79EFBC}") = "Infrastructure.Data.Seedwork", "Infrastructure.Data.Seedwork\Infrastructure.Data.Seedwork.csproj", "{901E8457-E705-4604-A8BF-F75379ED649A}"
EndProject
Project("{FAE04EC0-301F-11D3-BF4B-00C04F79EFBC}") = "Infrastructure.CrossCutting.Seedwork", "Infrastructure.CrossCutting.Seedwork\Infrastructure.CrossCutting.Seedwork.csproj", "{7FAB6389-BEBB-43AD-90C2-76BEBE9719E4}"
EndProject
Project("{FAE04EC0-301F-11D3-BF4B-00C04F79EFBC}") = "Infrastructure.CrossCutting.NetFramework", "Infrastructure.CrossCutting.NetFramework\Infrastructure.CrossCutting.NetFramework.csproj", "{AFA260DE-4125-4431-9890-B91690C1E1A2}"
EndProject
Project("{FAE04EC0-301F-11D3-BF4B-00C04F79EFBC}") = "Infrastructure.CrossCutting.MainBoundedContext.IoC", "Infrastructure.CrossCutting.MainBoundedContext.IoC\Infrastructure.CrossCutting.MainBoundedContext.IoC.csproj", "{D38BC9C1-3D6B-4DE1-8EFA-38B70D09854C}"
EndProject
Project("{2150E333-8FDC-42A3-9474-1A3956D46DE8}") = "1.4.1-Seedwork", "1.4.1-Seedwork", "{F38793AB-FA9B-4244-BA38-1A622A15430F}"
EndProject
Project("{2150E333-8FDC-42A3-9474-1A3956D46DE8}") = "1.4.2-Common", "1.4.2-Common", "{BBB8ACD1-9A9C-420B-90EE-42281F30460D}"
EndProject
Project("{2150E333-8FDC-42A3-9474-1A3956D46DE8}") = "1.4.3-MainBoundedContext", "1.4.3-MainBoundedContext", "{7D9B6D30-9488-4FAD-B2FA-BCD51E7FE622}"
EndProject
Project("{FAE04EC0-301F-11D3-BF4B-00C04F79EFBC}") = "Domain.Seedwork", "Domain.Seedwork\Domain.Seedwork.csproj", "{03FA9159-9B4C-4222-BFE2-85CD27256460}"
EndProject
Project("{FAE04EC0-301F-11D3-BF4B-00C04F79EFBC}") = "Domain.Common", "Domain.Common\Domain.Common.csproj", "{74F50527-8EE1-407A-A424-A17114610777}"
EndProject
Project("{FAE04EC0-301F-11D3-BF4B-00C04F79EFBC}") = "Domain.MainBoundedContext", "Domain.MainBoundedContext\Domain.MainBoundedContext.csproj", "{E5B2FB4F-59E3-4A96-B41E-167A2E1416B6}"
EndProject
Project("{2150E333-8FDC-42A3-9474-1A3956D46DE8}") = "1.3.1-Seedwork", "1.3.1-Seedwork", "{7E671A0F-E788-4484-99FC-6EACAB7E6BDA}"
EndProject
Project("{FAE04EC0-301F-11D3-BF4B-00C04F79EFBC}") = "Application.Seedwork", "Application.Seedwork\Application.Seedwork.csproj", "{EC96AEEC-F22B-4108-93F4-3B9EB2EC922D}"
EndProject
Project("{2150E333-8FDC-42A3-9474-1A3956D46DE8}") = "1.3.2-MainBoundedContext", "1.3.2-MainBoundedContext", "{68F9D5FB-0080-4AAF-9D8F-A7213CF998BD}"
EndProject
Project("{FAE04EC0-301F-11D3-BF4B-00C04F79EFBC}") = "Application.MainBoundedContext", "Application.MainBoundedContext\Application.MainBoundedContext.csproj", "{F8728FD0-B38B-4FBE-90C1-9AF267913D3A}"
EndProject
Project("{FAE04EC0-301F-11D3-BF4B-00C04F79EFBC}") = "Application.MainBoundedContext.DTO", "Application.MainBoundedContext.DTO\Application.MainBoundedContext.DTO.csproj", "{B02BFD2F-1D3B-4391-AF4F-6593B37F82B2}"
EndProject
Project("{2150E333-8FDC-42A3-9474-1A3956D46DE8}") = "1.1.1-Windows", "1.1.1-Windows", "{0A5FA119-1D4E-40A9-A728-204B206094AA}"
EndProject
Project("{2150E333-8FDC-42A3-9474-1A3956D46DE8}") = "1.1.2-Web", "1.1.2-Web", "{E357DCAC-7E5B-4CEC-9197-A931C60F17AE}"
EndProject
Project("{2150E333-8FDC-42A3-9474-1A3956D46DE8}") = "1.2-Distributed Services", "1.2-Distributed Services", "{AB8CA1E6-DC30-4703-820D-6AC2564E263F}"
EndProject
Project("{2150E333-8FDC-42A3-9474-1A3956D46DE8}") = "1.2.1-Seedwork", "1.2.1-Seedwork", "{A6A34AED-26FE-4ED7-9108-1F1BCA192484}"
EndProject
Project("{2150E333-8FDC-42A3-9474-1A3956D46DE8}") = "1.2.2-MainBoundedContext", "1.2.2-MainBoundedContext", "{3853A060-6161-413F-9A13-FD465FE726F4}"
EndProject
Project("{FAE04EC0-301F-11D3-BF4B-00C04F79EFBC}") = "DistributedServices.Seedwork", "DistributedServices.Seedwork\DistributedServices.Seedwork.csproj", "{1E1CE3C2-9BCC-4819-A980-06A1B5D42190}"
EndProject
Project("{FAE04EC0-301F-11D3-BF4B-00C04F79EFBC}") = "DistributedServices.MainBoundedContext", "DistributedServices.MainBoundedContext\DistributedServices.MainBoundedContext.csproj", "{68F0403E-6C5F-419A-BBC0-BAEA924C615B}"
EndProject
Project("{FAE04EC0-301F-11D3-BF4B-00C04F79EFBC}") = "Presentation.Windows.UI", "Presentation.Windows.UI\Presentation.Windows.UI.csproj", "{264C8603-6A7D-425B-BE39-4CDC375A39E1}"
EndProject
Project("{FAE04EC0-301F-11D3-BF4B-00C04F79EFBC}") = "Presentation.Web.UI", "Presentation.Web.UI\Presentation.Web.UI.csproj", "{09F626C3-3E27-452D-B3EA-E3E7F3057482}"
EndProject
Project("{2150E333-8FDC-42A3-9474-1A3956D46DE8}") = "1.5.2.2-NetFramework", "1.5.2.2-NetFramework", "{B27CA318-11FA-4A8A-8CCA-F2632DF372E4}"
EndProject
Project("{2150E333-8FDC-42A3-9474-1A3956D46DE8}") = "1.5.1-GlobalResources", "1.5.1-GlobalResources", "{212324F5-7818-47EE-952A-8F30118017C1}"
EndProject
Project("{FAE04EC0-301F-11D3-BF4B-00C04F79EFBC}") = "Infrastructure.GlobalResources", "Infrastructure.GlobalResources\Infrastructure.GlobalResources.csproj", "{8C285D7C-262E-4F8E-8B90-3E848075B312}"
EndProject
Global
	GlobalSection(SolutionConfigurationPlatforms) = preSolution
		Debug|Any CPU = Debug|Any CPU
		Release|Any CPU = Release|Any CPU
	EndGlobalSection
	GlobalSection(ProjectConfigurationPlatforms) = postSolution
		{7DF132DD-771D-496C-8267-1EE311B3880F}.Debug|Any CPU.ActiveCfg = Debug|Any CPU
		{7DF132DD-771D-496C-8267-1EE311B3880F}.Debug|Any CPU.Build.0 = Debug|Any CPU
		{7DF132DD-771D-496C-8267-1EE311B3880F}.Release|Any CPU.ActiveCfg = Release|Any CPU
		{7DF132DD-771D-496C-8267-1EE311B3880F}.Release|Any CPU.Build.0 = Release|Any CPU
		{901E8457-E705-4604-A8BF-F75379ED649A}.Debug|Any CPU.ActiveCfg = Debug|Any CPU
		{901E8457-E705-4604-A8BF-F75379ED649A}.Debug|Any CPU.Build.0 = Debug|Any CPU
		{901E8457-E705-4604-A8BF-F75379ED649A}.Release|Any CPU.ActiveCfg = Release|Any CPU
		{901E8457-E705-4604-A8BF-F75379ED649A}.Release|Any CPU.Build.0 = Release|Any CPU
		{7FAB6389-BEBB-43AD-90C2-76BEBE9719E4}.Debug|Any CPU.ActiveCfg = Debug|Any CPU
		{7FAB6389-BEBB-43AD-90C2-76BEBE9719E4}.Debug|Any CPU.Build.0 = Debug|Any CPU
		{7FAB6389-BEBB-43AD-90C2-76BEBE9719E4}.Release|Any CPU.ActiveCfg = Release|Any CPU
		{7FAB6389-BEBB-43AD-90C2-76BEBE9719E4}.Release|Any CPU.Build.0 = Release|Any CPU
		{AFA260DE-4125-4431-9890-B91690C1E1A2}.Debug|Any CPU.ActiveCfg = Debug|Any CPU
		{AFA260DE-4125-4431-9890-B91690C1E1A2}.Debug|Any CPU.Build.0 = Debug|Any CPU
		{AFA260DE-4125-4431-9890-B91690C1E1A2}.Release|Any CPU.ActiveCfg = Release|Any CPU
		{AFA260DE-4125-4431-9890-B91690C1E1A2}.Release|Any CPU.Build.0 = Release|Any CPU
		{D38BC9C1-3D6B-4DE1-8EFA-38B70D09854C}.Debug|Any CPU.ActiveCfg = Debug|Any CPU
		{D38BC9C1-3D6B-4DE1-8EFA-38B70D09854C}.Debug|Any CPU.Build.0 = Debug|Any CPU
		{D38BC9C1-3D6B-4DE1-8EFA-38B70D09854C}.Release|Any CPU.ActiveCfg = Release|Any CPU
		{D38BC9C1-3D6B-4DE1-8EFA-38B70D09854C}.Release|Any CPU.Build.0 = Release|Any CPU
		{03FA9159-9B4C-4222-BFE2-85CD27256460}.Debug|Any CPU.ActiveCfg = Debug|Any CPU
		{03FA9159-9B4C-4222-BFE2-85CD27256460}.Debug|Any CPU.Build.0 = Debug|Any CPU
		{03FA9159-9B4C-4222-BFE2-85CD27256460}.Release|Any CPU.ActiveCfg = Release|Any CPU
		{03FA9159-9B4C-4222-BFE2-85CD27256460}.Release|Any CPU.Build.0 = Release|Any CPU
		{74F50527-8EE1-407A-A424-A17114610777}.Debug|Any CPU.ActiveCfg = Debug|Any CPU
		{74F50527-8EE1-407A-A424-A17114610777}.Debug|Any CPU.Build.0 = Debug|Any CPU
		{74F50527-8EE1-407A-A424-A17114610777}.Release|Any CPU.ActiveCfg = Release|Any CPU
		{74F50527-8EE1-407A-A424-A17114610777}.Release|Any CPU.Build.0 = Release|Any CPU
		{E5B2FB4F-59E3-4A96-B41E-167A2E1416B6}.Debug|Any CPU.ActiveCfg = Debug|Any CPU
		{E5B2FB4F-59E3-4A96-B41E-167A2E1416B6}.Debug|Any CPU.Build.0 = Debug|Any CPU
		{E5B2FB4F-59E3-4A96-B41E-167A2E1416B6}.Release|Any CPU.ActiveCfg = Release|Any CPU
		{E5B2FB4F-59E3-4A96-B41E-167A2E1416B6}.Release|Any CPU.Build.0 = Release|Any CPU
		{EC96AEEC-F22B-4108-93F4-3B9EB2EC922D}.Debug|Any CPU.ActiveCfg = Debug|Any CPU
		{EC96AEEC-F22B-4108-93F4-3B9EB2EC922D}.Debug|Any CPU.Build.0 = Debug|Any CPU
		{EC96AEEC-F22B-4108-93F4-3B9EB2EC922D}.Release|Any CPU.ActiveCfg = Release|Any CPU
		{EC96AEEC-F22B-4108-93F4-3B9EB2EC922D}.Release|Any CPU.Build.0 = Release|Any CPU
		{F8728FD0-B38B-4FBE-90C1-9AF267913D3A}.Debug|Any CPU.ActiveCfg = Debug|Any CPU
		{F8728FD0-B38B-4FBE-90C1-9AF267913D3A}.Debug|Any CPU.Build.0 = Debug|Any CPU
		{F8728FD0-B38B-4FBE-90C1-9AF267913D3A}.Release|Any CPU.ActiveCfg = Release|Any CPU
		{F8728FD0-B38B-4FBE-90C1-9AF267913D3A}.Release|Any CPU.Build.0 = Release|Any CPU
		{B02BFD2F-1D3B-4391-AF4F-6593B37F82B2}.Debug|Any CPU.ActiveCfg = Debug|Any CPU
		{B02BFD2F-1D3B-4391-AF4F-6593B37F82B2}.Debug|Any CPU.Build.0 = Debug|Any CPU
		{B02BFD2F-1D3B-4391-AF4F-6593B37F82B2}.Release|Any CPU.ActiveCfg = Release|Any CPU
		{B02BFD2F-1D3B-4391-AF4F-6593B37F82B2}.Release|Any CPU.Build.0 = Release|Any CPU
		{1E1CE3C2-9BCC-4819-A980-06A1B5D42190}.Debug|Any CPU.ActiveCfg = Debug|Any CPU
		{1E1CE3C2-9BCC-4819-A980-06A1B5D42190}.Debug|Any CPU.Build.0 = Debug|Any CPU
		{1E1CE3C2-9BCC-4819-A980-06A1B5D42190}.Release|Any CPU.ActiveCfg = Release|Any CPU
		{1E1CE3C2-9BCC-4819-A980-06A1B5D42190}.Release|Any CPU.Build.0 = Release|Any CPU
		{68F0403E-6C5F-419A-BBC0-BAEA924C615B}.Debug|Any CPU.ActiveCfg = Debug|Any CPU
		{68F0403E-6C5F-419A-BBC0-BAEA924C615B}.Debug|Any CPU.Build.0 = Debug|Any CPU
		{68F0403E-6C5F-419A-BBC0-BAEA924C615B}.Release|Any CPU.ActiveCfg = Release|Any CPU
		{68F0403E-6C5F-419A-BBC0-BAEA924C615B}.Release|Any CPU.Build.0 = Release|Any CPU
		{264C8603-6A7D-425B-BE39-4CDC375A39E1}.Debug|Any CPU.ActiveCfg = Debug|Any CPU
		{264C8603-6A7D-425B-BE39-4CDC375A39E1}.Debug|Any CPU.Build.0 = Debug|Any CPU
		{264C8603-6A7D-425B-BE39-4CDC375A39E1}.Release|Any CPU.ActiveCfg = Release|Any CPU
		{264C8603-6A7D-425B-BE39-4CDC375A39E1}.Release|Any CPU.Build.0 = Release|Any CPU
		{09F626C3-3E27-452D-B3EA-E3E7F3057482}.Debug|Any CPU.ActiveCfg = Debug|Any CPU
		{09F626C3-3E27-452D-B3EA-E3E7F3057482}.Debug|Any CPU.Build.0 = Debug|Any CPU
		{09F626C3-3E27-452D-B3EA-E3E7F3057482}.Release|Any CPU.ActiveCfg = Release|Any CPU
		{09F626C3-3E27-452D-B3EA-E3E7F3057482}.Release|Any CPU.Build.0 = Release|Any CPU
		{8C285D7C-262E-4F8E-8B90-3E848075B312}.Debug|Any CPU.ActiveCfg = Debug|Any CPU
		{8C285D7C-262E-4F8E-8B90-3E848075B312}.Debug|Any CPU.Build.0 = Debug|Any CPU
		{8C285D7C-262E-4F8E-8B90-3E848075B312}.Release|Any CPU.ActiveCfg = Release|Any CPU
		{8C285D7C-262E-4F8E-8B90-3E848075B312}.Release|Any CPU.Build.0 = Release|Any CPU
	EndGlobalSection
	GlobalSection(SolutionProperties) = preSolution
		HideSolutionNode = FALSE
	EndGlobalSection
	GlobalSection(NestedProjects) = preSolution
		{E6F69FBE-22E8-4535-BDF8-9F935A955EEA} = {32E5C641-64C1-4C51-A30E-23908A0F410B}
		{8EEE3927-BA82-40C5-A789-E123EBDBA8A6} = {32E5C641-64C1-4C51-A30E-23908A0F410B}
		{D4F7E7DD-2575-4823-B4BD-50455A43F540} = {32E5C641-64C1-4C51-A30E-23908A0F410B}
		{539B0113-6F1F-43AA-8517-F846A9573650} = {32E5C641-64C1-4C51-A30E-23908A0F410B}
		{E70176A5-7691-40E3-B7AE-807ED621C58E} = {32E5C641-64C1-4C51-A30E-23908A0F410B}
		{EC9D5BCA-A4F8-46AB-AC0A-42FCBDA099B4} = {539B0113-6F1F-43AA-8517-F846A9573650}
		{29B9A7B3-5C91-4475-B4B3-D6C5774C6BC1} = {EC9D5BCA-A4F8-46AB-AC0A-42FCBDA099B4}
		{C4DBD29F-23EF-4E49-AB48-CF0D4E4E7E75} = {EC9D5BCA-A4F8-46AB-AC0A-42FCBDA099B4}
		{9A5146DF-0FD0-493C-9246-7E62DED9F391} = {539B0113-6F1F-43AA-8517-F846A9573650}
		{1A8C8E18-CCCE-4002-91EA-3701E00C6949} = {9A5146DF-0FD0-493C-9246-7E62DED9F391}
		{4001EAC6-01E0-4DEB-9267-204F7DAD3161} = {9A5146DF-0FD0-493C-9246-7E62DED9F391}
		{7DF132DD-771D-496C-8267-1EE311B3880F} = {4001EAC6-01E0-4DEB-9267-204F7DAD3161}
		{901E8457-E705-4604-A8BF-F75379ED649A} = {1A8C8E18-CCCE-4002-91EA-3701E00C6949}
		{7FAB6389-BEBB-43AD-90C2-76BEBE9719E4} = {29B9A7B3-5C91-4475-B4B3-D6C5774C6BC1}
		{AFA260DE-4125-4431-9890-B91690C1E1A2} = {B27CA318-11FA-4A8A-8CCA-F2632DF372E4}
		{D38BC9C1-3D6B-4DE1-8EFA-38B70D09854C} = {C4DBD29F-23EF-4E49-AB48-CF0D4E4E7E75}
		{F38793AB-FA9B-4244-BA38-1A622A15430F} = {D4F7E7DD-2575-4823-B4BD-50455A43F540}
		{BBB8ACD1-9A9C-420B-90EE-42281F30460D} = {D4F7E7DD-2575-4823-B4BD-50455A43F540}
		{7D9B6D30-9488-4FAD-B2FA-BCD51E7FE622} = {D4F7E7DD-2575-4823-B4BD-50455A43F540}
		{03FA9159-9B4C-4222-BFE2-85CD27256460} = {F38793AB-FA9B-4244-BA38-1A622A15430F}
		{74F50527-8EE1-407A-A424-A17114610777} = {BBB8ACD1-9A9C-420B-90EE-42281F30460D}
		{E5B2FB4F-59E3-4A96-B41E-167A2E1416B6} = {7D9B6D30-9488-4FAD-B2FA-BCD51E7FE622}
		{7E671A0F-E788-4484-99FC-6EACAB7E6BDA} = {8EEE3927-BA82-40C5-A789-E123EBDBA8A6}
		{EC96AEEC-F22B-4108-93F4-3B9EB2EC922D} = {7E671A0F-E788-4484-99FC-6EACAB7E6BDA}
		{68F9D5FB-0080-4AAF-9D8F-A7213CF998BD} = {8EEE3927-BA82-40C5-A789-E123EBDBA8A6}
		{F8728FD0-B38B-4FBE-90C1-9AF267913D3A} = {68F9D5FB-0080-4AAF-9D8F-A7213CF998BD}
		{B02BFD2F-1D3B-4391-AF4F-6593B37F82B2} = {68F9D5FB-0080-4AAF-9D8F-A7213CF998BD}
		{0A5FA119-1D4E-40A9-A728-204B206094AA} = {E6F69FBE-22E8-4535-BDF8-9F935A955EEA}
		{E357DCAC-7E5B-4CEC-9197-A931C60F17AE} = {E6F69FBE-22E8-4535-BDF8-9F935A955EEA}
		{AB8CA1E6-DC30-4703-820D-6AC2564E263F} = {32E5C641-64C1-4C51-A30E-23908A0F410B}
		{A6A34AED-26FE-4ED7-9108-1F1BCA192484} = {AB8CA1E6-DC30-4703-820D-6AC2564E263F}
		{3853A060-6161-413F-9A13-FD465FE726F4} = {AB8CA1E6-DC30-4703-820D-6AC2564E263F}
		{1E1CE3C2-9BCC-4819-A980-06A1B5D42190} = {A6A34AED-26FE-4ED7-9108-1F1BCA192484}
		{68F0403E-6C5F-419A-BBC0-BAEA924C615B} = {3853A060-6161-413F-9A13-FD465FE726F4}
		{264C8603-6A7D-425B-BE39-4CDC375A39E1} = {0A5FA119-1D4E-40A9-A728-204B206094AA}
		{09F626C3-3E27-452D-B3EA-E3E7F3057482} = {E357DCAC-7E5B-4CEC-9197-A931C60F17AE}
		{B27CA318-11FA-4A8A-8CCA-F2632DF372E4} = {EC9D5BCA-A4F8-46AB-AC0A-42FCBDA099B4}
		{212324F5-7818-47EE-952A-8F30118017C1} = {539B0113-6F1F-43AA-8517-F846A9573650}
		{8C285D7C-262E-4F8E-8B90-3E848075B312} = {212324F5-7818-47EE-952A-8F30118017C1}
	EndGlobalSection
EndGlobal
